
Microsoft Visual Studio Solution File, Format Version 13.00
# Visual Studio 2013
Project("{FAE04EC0-301F-11D3-BF4B-00C04F79EFBC}") = "Calculadora-de-Hash", "..\Calculadora-de-Hash.csproj", "{A4BF3A75-D3AA-4E9A-BFC8-98D2B9AE24F7}"
EndProject
Global
	GlobalSection(SolutionConfigurationPlatforms) = preSolution
		Debug|Any CPU = Debug|Any CPU
		Release|Any CPU = Release|Any CPU
	EndGlobalSection
	GlobalSection(ProjectConfigurationPlatforms) = postSolution
		{A4BF3A75-D3AA-4E9A-BFC8-98D2B9AE24F7}.Debug|Any CPU.ActiveCfg = Debug|Any CPU
		{A4BF3A75-D3AA-4E9A-BFC8-98D2B9AE24F7}.Debug|Any CPU.Build.0 = Debug|Any CPU
		{A4BF3A75-D3AA-4E9A-BFC8-98D2B9AE24F7}.Release|Any CPU.ActiveCfg = Release|Any CPU
		{A4BF3A75-D3AA-4E9A-BFC8-98D2B9AE24F7}.Release|Any CPU.Build.0 = Release|Any CPU
	EndGlobalSection
	GlobalSection(SolutionProperties) = preSolution
		HideSolutionNode = FALSE
	EndGlobalSection
EndGlobal
